
Microsoft Visual Studio Solution File, Format Version 12.00
# Visual Studio 2013
VisualStudioVersion = 12.0.31101.0
MinimumVisualStudioVersion = 10.0.40219.1
Project("{FAE04EC0-301F-11D3-BF4B-00C04F79EFBC}") = "SplunkTest", "SplunkTest\SplunkTest.csproj", "{F35D2777-F53A-4DA9-97C6-909DBD4627B0}"
EndProject
Project("{FAE04EC0-301F-11D3-BF4B-00C04F79EFBC}") = "GenerateData", "GenerateData\GenerateData.csproj", "{80468EDA-1612-440B-B8FD-A08D375918A2}"
EndProject
Project("{FAE04EC0-301F-11D3-BF4B-00C04F79EFBC}") = "SplunkConnectionsTest", "SplunkConnectionsTest\SplunkConnectionsTest.csproj", "{4FCC9944-29CF-4E0A-8205-B5A4E4F1B21C}"
EndProject
Project("{FAE04EC0-301F-11D3-BF4B-00C04F79EFBC}") = "SplunkApi", "SplunkApi\SplunkApi.csproj", "{64783575-953B-4BF6-9180-3301BFDB41C6}"
EndProject
Project("{FAE04EC0-301F-11D3-BF4B-00C04F79EFBC}") = "SplunkConnectionHard", "SplunkConnectionHard\SplunkConnectionHard.csproj", "{7D911526-6FC3-4F70-BD9E-E0999E750E7C}"
EndProject
Project("{FAE04EC0-301F-11D3-BF4B-00C04F79EFBC}") = "SetTimeZone", "SetTimeZone\SetTimeZone.csproj", "{A92D1568-A16D-48EE-B1AE-BE5F241DB32D}"
EndProject
Project("{FAE04EC0-301F-11D3-BF4B-00C04F79EFBC}") = "CreateCustomLog", "CreateCustomLog\CreateCustomLog.csproj", "{400DDDDB-FA6A-4F3B-AFA2-6B2EAC33057C}"
EndProject
Project("{FAE04EC0-301F-11D3-BF4B-00C04F79EFBC}") = "SendTcpData", "SendTcpData\SendTcpData.csproj", "{296ADBA4-D8A7-41B3-BB9F-5EE7CC06B3A5}"
EndProject
Project("{FAE04EC0-301F-11D3-BF4B-00C04F79EFBC}") = "CreateSlowConnections", "CreateSlowConnections\CreateSlowConnections.csproj", "{1191D17D-076A-4A47-B2E2-0561FF73EEAD}"
EndProject
Project("{FAE04EC0-301F-11D3-BF4B-00C04F79EFBC}") = "HttpInputGenerator", "HttpInputGenerator\HttpInputGenerator.csproj", "{200FC569-9B25-4A7B-89B3-814762CA30C5}"
EndProject
Project("{FAE04EC0-301F-11D3-BF4B-00C04F79EFBC}") = "HttpInputStress", "HttpInputStress\HttpInputStress.csproj", "{F2BC54F9-6BE2-46EB-8FDB-C39F00344326}"
EndProject
Global
	GlobalSection(SolutionConfigurationPlatforms) = preSolution
		Debug|Any CPU = Debug|Any CPU
		Debug|Mixed Platforms = Debug|Mixed Platforms
		Debug|Win32 = Debug|Win32
		Debug|x64 = Debug|x64
		Debug|x86 = Debug|x86
		Release|Any CPU = Release|Any CPU
		Release|Mixed Platforms = Release|Mixed Platforms
		Release|Win32 = Release|Win32
		Release|x64 = Release|x64
		Release|x86 = Release|x86
	EndGlobalSection
	GlobalSection(ProjectConfigurationPlatforms) = postSolution
		{F35D2777-F53A-4DA9-97C6-909DBD4627B0}.Debug|Any CPU.ActiveCfg = Debug|x86
		{F35D2777-F53A-4DA9-97C6-909DBD4627B0}.Debug|Mixed Platforms.ActiveCfg = Debug|x86
		{F35D2777-F53A-4DA9-97C6-909DBD4627B0}.Debug|Mixed Platforms.Build.0 = Debug|x86
		{F35D2777-F53A-4DA9-97C6-909DBD4627B0}.Debug|Win32.ActiveCfg = Debug|x86
		{F35D2777-F53A-4DA9-97C6-909DBD4627B0}.Debug|Win32.Build.0 = Debug|x86
		{F35D2777-F53A-4DA9-97C6-909DBD4627B0}.Debug|x64.ActiveCfg = Debug|x86
		{F35D2777-F53A-4DA9-97C6-909DBD4627B0}.Debug|x86.ActiveCfg = Debug|x86
		{F35D2777-F53A-4DA9-97C6-909DBD4627B0}.Debug|x86.Build.0 = Debug|x86
		{F35D2777-F53A-4DA9-97C6-909DBD4627B0}.Release|Any CPU.ActiveCfg = Release|x86
		{F35D2777-F53A-4DA9-97C6-909DBD4627B0}.Release|Mixed Platforms.ActiveCfg = Release|x86
		{F35D2777-F53A-4DA9-97C6-909DBD4627B0}.Release|Mixed Platforms.Build.0 = Release|x86
		{F35D2777-F53A-4DA9-97C6-909DBD4627B0}.Release|Win32.ActiveCfg = Release|x86
		{F35D2777-F53A-4DA9-97C6-909DBD4627B0}.Release|Win32.Build.0 = Release|x86
		{F35D2777-F53A-4DA9-97C6-909DBD4627B0}.Release|x64.ActiveCfg = Release|x86
		{F35D2777-F53A-4DA9-97C6-909DBD4627B0}.Release|x86.ActiveCfg = Release|x86
		{F35D2777-F53A-4DA9-97C6-909DBD4627B0}.Release|x86.Build.0 = Release|x86
		{80468EDA-1612-440B-B8FD-A08D375918A2}.Debug|Any CPU.ActiveCfg = Debug|x86
		{80468EDA-1612-440B-B8FD-A08D375918A2}.Debug|Mixed Platforms.ActiveCfg = Debug|x86
		{80468EDA-1612-440B-B8FD-A08D375918A2}.Debug|Mixed Platforms.Build.0 = Debug|x86
		{80468EDA-1612-440B-B8FD-A08D375918A2}.Debug|Win32.ActiveCfg = Debug|x86
		{80468EDA-1612-440B-B8FD-A08D375918A2}.Debug|Win32.Build.0 = Debug|x86
		{80468EDA-1612-440B-B8FD-A08D375918A2}.Debug|x64.ActiveCfg = Debug|x86
		{80468EDA-1612-440B-B8FD-A08D375918A2}.Debug|x86.ActiveCfg = Debug|x86
		{80468EDA-1612-440B-B8FD-A08D375918A2}.Debug|x86.Build.0 = Debug|x86
		{80468EDA-1612-440B-B8FD-A08D375918A2}.Release|Any CPU.ActiveCfg = Release|x86
		{80468EDA-1612-440B-B8FD-A08D375918A2}.Release|Mixed Platforms.ActiveCfg = Release|x86
		{80468EDA-1612-440B-B8FD-A08D375918A2}.Release|Mixed Platforms.Build.0 = Release|x86
		{80468EDA-1612-440B-B8FD-A08D375918A2}.Release|Win32.ActiveCfg = Release|x86
		{80468EDA-1612-440B-B8FD-A08D375918A2}.Release|Win32.Build.0 = Release|x86
		{80468EDA-1612-440B-B8FD-A08D375918A2}.Release|x64.ActiveCfg = Release|x86
		{80468EDA-1612-440B-B8FD-A08D375918A2}.Release|x86.ActiveCfg = Release|x86
		{80468EDA-1612-440B-B8FD-A08D375918A2}.Release|x86.Build.0 = Release|x86
		{4FCC9944-29CF-4E0A-8205-B5A4E4F1B21C}.Debug|Any CPU.ActiveCfg = Debug|x86
		{4FCC9944-29CF-4E0A-8205-B5A4E4F1B21C}.Debug|Mixed Platforms.ActiveCfg = Debug|x86
		{4FCC9944-29CF-4E0A-8205-B5A4E4F1B21C}.Debug|Mixed Platforms.Build.0 = Debug|x86
		{4FCC9944-29CF-4E0A-8205-B5A4E4F1B21C}.Debug|Win32.ActiveCfg = Debug|x86
		{4FCC9944-29CF-4E0A-8205-B5A4E4F1B21C}.Debug|Win32.Build.0 = Debug|x86
		{4FCC9944-29CF-4E0A-8205-B5A4E4F1B21C}.Debug|x64.ActiveCfg = Debug|x86
		{4FCC9944-29CF-4E0A-8205-B5A4E4F1B21C}.Debug|x86.ActiveCfg = Debug|x86
		{4FCC9944-29CF-4E0A-8205-B5A4E4F1B21C}.Debug|x86.Build.0 = Debug|x86
		{4FCC9944-29CF-4E0A-8205-B5A4E4F1B21C}.Release|Any CPU.ActiveCfg = Release|x86
		{4FCC9944-29CF-4E0A-8205-B5A4E4F1B21C}.Release|Mixed Platforms.ActiveCfg = Release|x86
		{4FCC9944-29CF-4E0A-8205-B5A4E4F1B21C}.Release|Mixed Platforms.Build.0 = Release|x86
		{4FCC9944-29CF-4E0A-8205-B5A4E4F1B21C}.Release|Win32.ActiveCfg = Release|x86
		{4FCC9944-29CF-4E0A-8205-B5A4E4F1B21C}.Release|Win32.Build.0 = Release|x86
		{4FCC9944-29CF-4E0A-8205-B5A4E4F1B21C}.Release|x64.ActiveCfg = Release|x86
		{4FCC9944-29CF-4E0A-8205-B5A4E4F1B21C}.Release|x86.ActiveCfg = Release|x86
		{4FCC9944-29CF-4E0A-8205-B5A4E4F1B21C}.Release|x86.Build.0 = Release|x86
		{64783575-953B-4BF6-9180-3301BFDB41C6}.Debug|Any CPU.ActiveCfg = Debug|Any CPU
		{64783575-953B-4BF6-9180-3301BFDB41C6}.Debug|Any CPU.Build.0 = Debug|Any CPU
		{64783575-953B-4BF6-9180-3301BFDB41C6}.Debug|Mixed Platforms.ActiveCfg = Debug|Any CPU
		{64783575-953B-4BF6-9180-3301BFDB41C6}.Debug|Mixed Platforms.Build.0 = Debug|Any CPU
		{64783575-953B-4BF6-9180-3301BFDB41C6}.Debug|Win32.ActiveCfg = Debug|Any CPU
		{64783575-953B-4BF6-9180-3301BFDB41C6}.Debug|x64.ActiveCfg = Debug|Any CPU
		{64783575-953B-4BF6-9180-3301BFDB41C6}.Debug|x64.Build.0 = Debug|Any CPU
		{64783575-953B-4BF6-9180-3301BFDB41C6}.Debug|x86.ActiveCfg = Debug|Any CPU
		{64783575-953B-4BF6-9180-3301BFDB41C6}.Release|Any CPU.ActiveCfg = Release|Any CPU
		{64783575-953B-4BF6-9180-3301BFDB41C6}.Release|Any CPU.Build.0 = Release|Any CPU
		{64783575-953B-4BF6-9180-3301BFDB41C6}.Release|Mixed Platforms.ActiveCfg = Release|Any CPU
		{64783575-953B-4BF6-9180-3301BFDB41C6}.Release|Mixed Platforms.Build.0 = Release|Any CPU
		{64783575-953B-4BF6-9180-3301BFDB41C6}.Release|Win32.ActiveCfg = Release|Any CPU
		{64783575-953B-4BF6-9180-3301BFDB41C6}.Release|x64.ActiveCfg = Release|Any CPU
		{64783575-953B-4BF6-9180-3301BFDB41C6}.Release|x64.Build.0 = Release|Any CPU
		{64783575-953B-4BF6-9180-3301BFDB41C6}.Release|x86.ActiveCfg = Release|Any CPU
		{7D911526-6FC3-4F70-BD9E-E0999E750E7C}.Debug|Any CPU.ActiveCfg = Debug|Any CPU
		{7D911526-6FC3-4F70-BD9E-E0999E750E7C}.Debug|Any CPU.Build.0 = Debug|Any CPU
		{7D911526-6FC3-4F70-BD9E-E0999E750E7C}.Debug|Mixed Platforms.ActiveCfg = Debug|Any CPU
		{7D911526-6FC3-4F70-BD9E-E0999E750E7C}.Debug|Mixed Platforms.Build.0 = Debug|Any CPU
		{7D911526-6FC3-4F70-BD9E-E0999E750E7C}.Debug|Win32.ActiveCfg = Debug|Any CPU
		{7D911526-6FC3-4F70-BD9E-E0999E750E7C}.Debug|x64.ActiveCfg = Debug|Any CPU
		{7D911526-6FC3-4F70-BD9E-E0999E750E7C}.Debug|x86.ActiveCfg = Debug|Any CPU
		{7D911526-6FC3-4F70-BD9E-E0999E750E7C}.Release|Any CPU.ActiveCfg = Release|Any CPU
		{7D911526-6FC3-4F70-BD9E-E0999E750E7C}.Release|Any CPU.Build.0 = Release|Any CPU
		{7D911526-6FC3-4F70-BD9E-E0999E750E7C}.Release|Mixed Platforms.ActiveCfg = Release|Any CPU
		{7D911526-6FC3-4F70-BD9E-E0999E750E7C}.Release|Mixed Platforms.Build.0 = Release|Any CPU
		{7D911526-6FC3-4F70-BD9E-E0999E750E7C}.Release|Win32.ActiveCfg = Release|Any CPU
		{7D911526-6FC3-4F70-BD9E-E0999E750E7C}.Release|x64.ActiveCfg = Release|Any CPU
		{7D911526-6FC3-4F70-BD9E-E0999E750E7C}.Release|x86.ActiveCfg = Release|Any CPU
		{A92D1568-A16D-48EE-B1AE-BE5F241DB32D}.Debug|Any CPU.ActiveCfg = Debug|x86
		{A92D1568-A16D-48EE-B1AE-BE5F241DB32D}.Debug|Mixed Platforms.ActiveCfg = Debug|x86
		{A92D1568-A16D-48EE-B1AE-BE5F241DB32D}.Debug|Mixed Platforms.Build.0 = Debug|x86
		{A92D1568-A16D-48EE-B1AE-BE5F241DB32D}.Debug|Win32.ActiveCfg = Debug|x86
		{A92D1568-A16D-48EE-B1AE-BE5F241DB32D}.Debug|Win32.Build.0 = Debug|x86
		{A92D1568-A16D-48EE-B1AE-BE5F241DB32D}.Debug|x64.ActiveCfg = Debug|x86
		{A92D1568-A16D-48EE-B1AE-BE5F241DB32D}.Debug|x86.ActiveCfg = Debug|x86
		{A92D1568-A16D-48EE-B1AE-BE5F241DB32D}.Debug|x86.Build.0 = Debug|x86
		{A92D1568-A16D-48EE-B1AE-BE5F241DB32D}.Release|Any CPU.ActiveCfg = Release|x86
		{A92D1568-A16D-48EE-B1AE-BE5F241DB32D}.Release|Mixed Platforms.ActiveCfg = Release|x86
		{A92D1568-A16D-48EE-B1AE-BE5F241DB32D}.Release|Mixed Platforms.Build.0 = Release|x86
		{A92D1568-A16D-48EE-B1AE-BE5F241DB32D}.Release|Win32.ActiveCfg = Release|x86
		{A92D1568-A16D-48EE-B1AE-BE5F241DB32D}.Release|Win32.Build.0 = Release|x86
		{A92D1568-A16D-48EE-B1AE-BE5F241DB32D}.Release|x64.ActiveCfg = Release|x86
		{A92D1568-A16D-48EE-B1AE-BE5F241DB32D}.Release|x86.ActiveCfg = Release|x86
		{A92D1568-A16D-48EE-B1AE-BE5F241DB32D}.Release|x86.Build.0 = Release|x86
		{400DDDDB-FA6A-4F3B-AFA2-6B2EAC33057C}.Debug|Any CPU.ActiveCfg = Debug|x86
		{400DDDDB-FA6A-4F3B-AFA2-6B2EAC33057C}.Debug|Mixed Platforms.ActiveCfg = Debug|x86
		{400DDDDB-FA6A-4F3B-AFA2-6B2EAC33057C}.Debug|Mixed Platforms.Build.0 = Debug|x86
		{400DDDDB-FA6A-4F3B-AFA2-6B2EAC33057C}.Debug|Win32.ActiveCfg = Debug|x86
		{400DDDDB-FA6A-4F3B-AFA2-6B2EAC33057C}.Debug|Win32.Build.0 = Debug|x86
		{400DDDDB-FA6A-4F3B-AFA2-6B2EAC33057C}.Debug|x64.ActiveCfg = Debug|x86
		{400DDDDB-FA6A-4F3B-AFA2-6B2EAC33057C}.Debug|x86.ActiveCfg = Debug|x86
		{400DDDDB-FA6A-4F3B-AFA2-6B2EAC33057C}.Debug|x86.Build.0 = Debug|x86
		{400DDDDB-FA6A-4F3B-AFA2-6B2EAC33057C}.Release|Any CPU.ActiveCfg = Release|x86
		{400DDDDB-FA6A-4F3B-AFA2-6B2EAC33057C}.Release|Mixed Platforms.ActiveCfg = Release|x86
		{400DDDDB-FA6A-4F3B-AFA2-6B2EAC33057C}.Release|Mixed Platforms.Build.0 = Release|x86
		{400DDDDB-FA6A-4F3B-AFA2-6B2EAC33057C}.Release|Win32.ActiveCfg = Release|x86
		{400DDDDB-FA6A-4F3B-AFA2-6B2EAC33057C}.Release|Win32.Build.0 = Release|x86
		{400DDDDB-FA6A-4F3B-AFA2-6B2EAC33057C}.Release|x64.ActiveCfg = Release|x86
		{400DDDDB-FA6A-4F3B-AFA2-6B2EAC33057C}.Release|x86.ActiveCfg = Release|x86
		{400DDDDB-FA6A-4F3B-AFA2-6B2EAC33057C}.Release|x86.Build.0 = Release|x86
		{296ADBA4-D8A7-41B3-BB9F-5EE7CC06B3A5}.Debug|Any CPU.ActiveCfg = Debug|x86
		{296ADBA4-D8A7-41B3-BB9F-5EE7CC06B3A5}.Debug|Mixed Platforms.ActiveCfg = Debug|x86
		{296ADBA4-D8A7-41B3-BB9F-5EE7CC06B3A5}.Debug|Mixed Platforms.Build.0 = Debug|x86
		{296ADBA4-D8A7-41B3-BB9F-5EE7CC06B3A5}.Debug|Win32.ActiveCfg = Debug|x86
		{296ADBA4-D8A7-41B3-BB9F-5EE7CC06B3A5}.Debug|Win32.Build.0 = Debug|x86
		{296ADBA4-D8A7-41B3-BB9F-5EE7CC06B3A5}.Debug|x64.ActiveCfg = Debug|x86
		{296ADBA4-D8A7-41B3-BB9F-5EE7CC06B3A5}.Debug|x86.ActiveCfg = Debug|x86
		{296ADBA4-D8A7-41B3-BB9F-5EE7CC06B3A5}.Debug|x86.Build.0 = Debug|x86
		{296ADBA4-D8A7-41B3-BB9F-5EE7CC06B3A5}.Release|Any CPU.ActiveCfg = Release|x86
		{296ADBA4-D8A7-41B3-BB9F-5EE7CC06B3A5}.Release|Mixed Platforms.ActiveCfg = Release|x86
		{296ADBA4-D8A7-41B3-BB9F-5EE7CC06B3A5}.Release|Mixed Platforms.Build.0 = Release|x86
		{296ADBA4-D8A7-41B3-BB9F-5EE7CC06B3A5}.Release|Win32.ActiveCfg = Release|x86
		{296ADBA4-D8A7-41B3-BB9F-5EE7CC06B3A5}.Release|Win32.Build.0 = Release|x86
		{296ADBA4-D8A7-41B3-BB9F-5EE7CC06B3A5}.Release|x64.ActiveCfg = Release|x86
		{296ADBA4-D8A7-41B3-BB9F-5EE7CC06B3A5}.Release|x86.ActiveCfg = Release|x86
		{296ADBA4-D8A7-41B3-BB9F-5EE7CC06B3A5}.Release|x86.Build.0 = Release|x86
		{1191D17D-076A-4A47-B2E2-0561FF73EEAD}.Debug|Any CPU.ActiveCfg = Debug|x86
		{1191D17D-076A-4A47-B2E2-0561FF73EEAD}.Debug|Mixed Platforms.ActiveCfg = Debug|x86
		{1191D17D-076A-4A47-B2E2-0561FF73EEAD}.Debug|Mixed Platforms.Build.0 = Debug|x86
		{1191D17D-076A-4A47-B2E2-0561FF73EEAD}.Debug|Win32.ActiveCfg = Debug|x86
		{1191D17D-076A-4A47-B2E2-0561FF73EEAD}.Debug|Win32.Build.0 = Debug|x86
		{1191D17D-076A-4A47-B2E2-0561FF73EEAD}.Debug|x64.ActiveCfg = Debug|x86
		{1191D17D-076A-4A47-B2E2-0561FF73EEAD}.Debug|x86.ActiveCfg = Debug|x86
		{1191D17D-076A-4A47-B2E2-0561FF73EEAD}.Debug|x86.Build.0 = Debug|x86
		{1191D17D-076A-4A47-B2E2-0561FF73EEAD}.Release|Any CPU.ActiveCfg = Release|x86
		{1191D17D-076A-4A47-B2E2-0561FF73EEAD}.Release|Mixed Platforms.ActiveCfg = Release|x86
		{1191D17D-076A-4A47-B2E2-0561FF73EEAD}.Release|Mixed Platforms.Build.0 = Release|x86
		{1191D17D-076A-4A47-B2E2-0561FF73EEAD}.Release|Win32.ActiveCfg = Release|x86
		{1191D17D-076A-4A47-B2E2-0561FF73EEAD}.Release|Win32.Build.0 = Release|x86
		{1191D17D-076A-4A47-B2E2-0561FF73EEAD}.Release|x64.ActiveCfg = Release|x86
		{1191D17D-076A-4A47-B2E2-0561FF73EEAD}.Release|x86.ActiveCfg = Release|x86
		{1191D17D-076A-4A47-B2E2-0561FF73EEAD}.Release|x86.Build.0 = Release|x86
		{200FC569-9B25-4A7B-89B3-814762CA30C5}.Debug|Any CPU.ActiveCfg = Debug|Any CPU
		{200FC569-9B25-4A7B-89B3-814762CA30C5}.Debug|Any CPU.Build.0 = Debug|Any CPU
		{200FC569-9B25-4A7B-89B3-814762CA30C5}.Debug|Mixed Platforms.ActiveCfg = Debug|Any CPU
		{200FC569-9B25-4A7B-89B3-814762CA30C5}.Debug|Mixed Platforms.Build.0 = Debug|Any CPU
		{200FC569-9B25-4A7B-89B3-814762CA30C5}.Debug|Win32.ActiveCfg = Debug|Any CPU
		{200FC569-9B25-4A7B-89B3-814762CA30C5}.Debug|x64.ActiveCfg = Debug|Any CPU
		{200FC569-9B25-4A7B-89B3-814762CA30C5}.Debug|x86.ActiveCfg = Debug|Any CPU
		{200FC569-9B25-4A7B-89B3-814762CA30C5}.Release|Any CPU.ActiveCfg = Release|Any CPU
		{200FC569-9B25-4A7B-89B3-814762CA30C5}.Release|Any CPU.Build.0 = Release|Any CPU
		{200FC569-9B25-4A7B-89B3-814762CA30C5}.Release|Mixed Platforms.ActiveCfg = Release|Any CPU
		{200FC569-9B25-4A7B-89B3-814762CA30C5}.Release|Mixed Platforms.Build.0 = Release|Any CPU
		{200FC569-9B25-4A7B-89B3-814762CA30C5}.Release|Win32.ActiveCfg = Release|Any CPU
		{200FC569-9B25-4A7B-89B3-814762CA30C5}.Release|x64.ActiveCfg = Release|Any CPU
		{200FC569-9B25-4A7B-89B3-814762CA30C5}.Release|x86.ActiveCfg = Release|Any CPU
		{F2BC54F9-6BE2-46EB-8FDB-C39F00344326}.Debug|Any CPU.ActiveCfg = Debug|Any CPU
		{F2BC54F9-6BE2-46EB-8FDB-C39F00344326}.Debug|Any CPU.Build.0 = Debug|Any CPU
		{F2BC54F9-6BE2-46EB-8FDB-C39F00344326}.Debug|Mixed Platforms.ActiveCfg = Debug|Any CPU
		{F2BC54F9-6BE2-46EB-8FDB-C39F00344326}.Debug|Mixed Platforms.Build.0 = Debug|Any CPU
		{F2BC54F9-6BE2-46EB-8FDB-C39F00344326}.Debug|Win32.ActiveCfg = Debug|Any CPU
		{F2BC54F9-6BE2-46EB-8FDB-C39F00344326}.Debug|x64.ActiveCfg = Debug|Any CPU
		{F2BC54F9-6BE2-46EB-8FDB-C39F00344326}.Debug|x64.Build.0 = Debug|Any CPU
		{F2BC54F9-6BE2-46EB-8FDB-C39F00344326}.Debug|x86.ActiveCfg = Debug|Any CPU
		{F2BC54F9-6BE2-46EB-8FDB-C39F00344326}.Release|Any CPU.ActiveCfg = Release|Any CPU
		{F2BC54F9-6BE2-46EB-8FDB-C39F00344326}.Release|Any CPU.Build.0 = Release|Any CPU
		{F2BC54F9-6BE2-46EB-8FDB-C39F00344326}.Release|Mixed Platforms.ActiveCfg = Release|Any CPU
		{F2BC54F9-6BE2-46EB-8FDB-C39F00344326}.Release|Mixed Platforms.Build.0 = Release|Any CPU
		{F2BC54F9-6BE2-46EB-8FDB-C39F00344326}.Release|Win32.ActiveCfg = Release|Any CPU
		{F2BC54F9-6BE2-46EB-8FDB-C39F00344326}.Release|x64.ActiveCfg = Release|Any CPU
		{F2BC54F9-6BE2-46EB-8FDB-C39F00344326}.Release|x64.Build.0 = Release|Any CPU
		{F2BC54F9-6BE2-46EB-8FDB-C39F00344326}.Release|x86.ActiveCfg = Release|Any CPU
	EndGlobalSection
	GlobalSection(SolutionProperties) = preSolution
		HideSolutionNode = FALSE
	EndGlobalSection
EndGlobal
